
Microsoft Visual Studio Solution File, Format Version 11.00
# Visual Studio 2010
Project("{FAE04EC0-301F-11D3-BF4B-00C04F79EFBC}") = "Assembly-CSharp", "Assembly-CSharp.csproj", "{571bb5cf-80e6-bc08-56fc-badaa1f5eb42}"
EndProject
Project("{FAE04EC0-301F-11D3-BF4B-00C04F79EFBC}") = "Assembly-CSharp-Editor", "Assembly-CSharp-Editor.csproj", "{f0db3d5e-e375-8e7f-7b9a-3a13b0725d8b}"
EndProject
Global
	GlobalSection(SolutionConfigurationPlatforms) = preSolution
		Debug|Any CPU = Debug|Any CPU
	EndGlobalSection
	GlobalSection(ProjectConfigurationPlatforms) = postSolution
		{571bb5cf-80e6-bc08-56fc-badaa1f5eb42}.Debug|Any CPU.ActiveCfg = Debug|Any CPU
		{571bb5cf-80e6-bc08-56fc-badaa1f5eb42}.Debug|Any CPU.Build.0 = Debug|Any CPU
		{f0db3d5e-e375-8e7f-7b9a-3a13b0725d8b}.Debug|Any CPU.ActiveCfg = Debug|Any CPU
		{f0db3d5e-e375-8e7f-7b9a-3a13b0725d8b}.Debug|Any CPU.Build.0 = Debug|Any CPU
	EndGlobalSection
	GlobalSection(SolutionProperties) = preSolution
		HideSolutionNode = FALSE
	EndGlobalSection
EndGlobal
